{
  "nodes": {
    "nixos-vfio": {
      "flake": false,
      "locked": {
        "lastModified": 1713259966,
        "narHash": "sha256-A4KPpT6UrXTGllTQOFWpJRRw4TNvKPVC89XRS/l6DOM=",
        "owner": "j-brn",
        "repo": "nixos-vfio",
        "rev": "d925a5942be0343d8fd6e6f8ec58e0a5fff674b1",
        "type": "github"
      },
      "original": {
        "owner": "j-brn",
        "repo": "nixos-vfio",
        "type": "github"
      }
    },
    "nixpkgs": {
      "locked": {
        "lastModified": 1721409541,
        "narHash": "sha256-b6PLr0Ty7JPDBtJtjnYzlBf02bbH9alWMAgispMkTwk=",
        "owner": "NixOS",
        "repo": "nixpkgs",
        "rev": "0c53b6b8c2a3e46c68e04417e247bba660689c9d",
        "type": "github"
      },
      "original": {
        "id": "nixpkgs",
        "ref": "nixos-24.05",
        "type": "indirect"
      }
    },
    "nixpkgs-ovmf": {
      "locked": {
        "lastModified": 1708984720,
        "narHash": "sha256-gJctErLbXx4QZBBbGp78PxtOOzsDaQ+yw1ylNQBuSUY=",
        "owner": "NixOS",
        "repo": "nixpkgs",
        "rev": "13aff9b34cc32e59d35c62ac9356e4a41198a538",
        "type": "github"
      },
      "original": {
        "owner": "NixOS",
        "ref": "nixos-unstable",
        "repo": "nixpkgs",
        "type": "github"
      }
    },
    "nixvirt": {
      "inputs": {
        "nixpkgs": [
          "nixpkgs"
        ],
        "nixpkgs-ovmf": "nixpkgs-ovmf"
      },
      "locked": {
        "lastModified": 1720554305,
        "narHash": "sha256-l8wlrkWTFtZ5tGD9sg8BDhYtVW8ldCM8tP/k9z39WkM=",
        "owner": "ryndubei",
        "repo": "NixVirt",
        "rev": "a537e3225e803714a889746e4ea8e35048e4e6b0",
        "type": "github"
      },
      "original": {
        "owner": "ryndubei",
        "repo": "NixVirt",
        "type": "github"
      }
    },
    "root": {
      "inputs": {
        "nixos-vfio": "nixos-vfio",
        "nixpkgs": "nixpkgs",
        "nixvirt": "nixvirt"
      }
    }
  },
  "root": "root",
  "version": 7
}
